
Microsoft Visual Studio Solution File, Format Version 12.00
# Visual Studio Version 17
VisualStudioVersion = 17.9.34622.214
MinimumVisualStudioVersion = 10.0.40219.1
Project("{2150E333-8FDC-42A3-9474-1A3956D46DE8}") = "APIGateway", "APIGateway", "{5E6299A6-9470-41EE-8B3F-7EF998E45AD0}"
EndProject
Project("{2150E333-8FDC-42A3-9474-1A3956D46DE8}") = "src", "src", "{BA0641DE-3E9C-404E-B09A-980B4307B1F6}"
EndProject
Project("{2150E333-8FDC-42A3-9474-1A3956D46DE8}") = "BuildingBlocks", "BuildingBlocks", "{E4F9078C-AA17-413D-9807-422A245E6E1F}"
EndProject
Project("{9A19103F-16F7-4668-BE54-9A1E7A4F7556}") = "APIGateway", "src\APIGateway\src\APIGateway.csproj", "{DB7BFA85-A6AE-4BE3-8717-66127C0A616D}"
EndProject
Project("{9A19103F-16F7-4668-BE54-9A1E7A4F7556}") = "BuildingBlocks", "src\BuildingBlocks\BuildingBlocks.csproj", "{22121F53-8E27-4CAE-B52C-24EB9ACA00F7}"
EndProject
Project("{2150E333-8FDC-42A3-9474-1A3956D46DE8}") = "Services", "Services", "{A30B1187-89E6-4E2B-B519-3C3DBF9A570C}"
EndProject
Project("{2150E333-8FDC-42A3-9474-1A3956D46DE8}") = "Identity", "Identity", "{FCC6BA2C-C26F-4212-B331-A92340E4F783}"
EndProject
Project("{2150E333-8FDC-42A3-9474-1A3956D46DE8}") = "src", "src", "{347900B1-F21E-4367-AD1F-F5117D53F0A2}"
EndProject
Project("{2150E333-8FDC-42A3-9474-1A3956D46DE8}") = "test", "test", "{CC3351B6-7D22-4067-AF7C-72D659F08031}"
EndProject
Project("{9A19103F-16F7-4668-BE54-9A1E7A4F7556}") = "Identity.API", "src\Services\Identity\src\Identity.API\Identity.API.csproj", "{561BF794-A430-4421-8982-838184762670}"
EndProject
Project("{FAE04EC0-301F-11D3-BF4B-00C04F79EFBC}") = "Identity", "src\Services\Identity\src\Identity\Identity.csproj", "{019B06E4-2C44-4478-A8E9-FBDBF89973E8}"
	ProjectSection(ProjectDependencies) = postProject
		{22121F53-8E27-4CAE-B52C-24EB9ACA00F7} = {22121F53-8E27-4CAE-B52C-24EB9ACA00F7}
	EndProjectSection
EndProject
Project("{2150E333-8FDC-42A3-9474-1A3956D46DE8}") = "FileUpload", "FileUpload", "{94D0EC95-E4C9-46A4-99DE-58D3D8DB0B8A}"
EndProject
Project("{2150E333-8FDC-42A3-9474-1A3956D46DE8}") = "src", "src", "{AF1A4912-2ADA-41B6-B33B-4644B0C08800}"
EndProject
Project("{2150E333-8FDC-42A3-9474-1A3956D46DE8}") = "test", "test", "{8EF75E9D-C3E7-4FBA-92DA-0175993CFC9C}"
EndProject
Project("{FAE04EC0-301F-11D3-BF4B-00C04F79EFBC}") = "FileUpload.API", "src\Services\FileUpload\src\FileUpload.API\FileUpload.API.csproj", "{22F204D2-8233-47D1-ACA9-47BE43E8EA9A}"
EndProject
Project("{FAE04EC0-301F-11D3-BF4B-00C04F79EFBC}") = "FileUpload", "src\Services\FileUpload\src\FileUpload\FileUpload.csproj", "{62E9896C-3106-4E87-83E0-E02EBA09C6C5}"
EndProject
Project("{2150E333-8FDC-42A3-9474-1A3956D46DE8}") = "Metadata", "Metadata", "{4642334C-B45B-4130-92EC-613836CF8087}"
EndProject
Project("{2150E333-8FDC-42A3-9474-1A3956D46DE8}") = "src", "src", "{4E6268F8-8C27-4C08-B862-21891441144A}"
EndProject
Project("{2150E333-8FDC-42A3-9474-1A3956D46DE8}") = "test", "test", "{7E7F6C0A-85BA-4BA9-83B0-49D1126FAA12}"
EndProject
Project("{FAE04EC0-301F-11D3-BF4B-00C04F79EFBC}") = "Metadata", "src\Services\Metadata\src\Metadata\Metadata.csproj", "{2E20ADA6-47EB-4AEF-BD61-DF754764C7DB}"
EndProject
Project("{FAE04EC0-301F-11D3-BF4B-00C04F79EFBC}") = "Metadata.API", "src\Services\Metadata\src\Metadata.API\Metadata.API.csproj", "{D5099B87-2DF1-42FE-98D1-D66986F80659}"
EndProject
Project("{2150E333-8FDC-42A3-9474-1A3956D46DE8}") = "Notification", "Notification", "{4E023CA0-514C-489C-B68B-3837E0291A5F}"
EndProject
Project("{2150E333-8FDC-42A3-9474-1A3956D46DE8}") = "src", "src", "{605B380E-60CC-4E71-9735-B9FEFC9CC18F}"
EndProject
Project("{2150E333-8FDC-42A3-9474-1A3956D46DE8}") = "test", "test", "{5A373520-B237-4089-BCE8-BA5E6A070B34}"
EndProject
Project("{FAE04EC0-301F-11D3-BF4B-00C04F79EFBC}") = "Notification", "src\Services\Notification\src\Notification\Notification.csproj", "{4C2ED6CF-3A0F-4577-8EC9-8D7BF4CB536F}"
EndProject
Project("{FAE04EC0-301F-11D3-BF4B-00C04F79EFBC}") = "Notification.API", "src\Services\Notification\src\Notification.API\Notification.API.csproj", "{E4C9B5C0-DED6-47CA-941B-015E4F78D221}"
EndProject
Global
	GlobalSection(SolutionConfigurationPlatforms) = preSolution
		Debug|Any CPU = Debug|Any CPU
		Release|Any CPU = Release|Any CPU
	EndGlobalSection
	GlobalSection(ProjectConfigurationPlatforms) = postSolution
		{DB7BFA85-A6AE-4BE3-8717-66127C0A616D}.Debug|Any CPU.ActiveCfg = Debug|Any CPU
		{DB7BFA85-A6AE-4BE3-8717-66127C0A616D}.Debug|Any CPU.Build.0 = Debug|Any CPU
		{DB7BFA85-A6AE-4BE3-8717-66127C0A616D}.Release|Any CPU.ActiveCfg = Release|Any CPU
		{DB7BFA85-A6AE-4BE3-8717-66127C0A616D}.Release|Any CPU.Build.0 = Release|Any CPU
		{22121F53-8E27-4CAE-B52C-24EB9ACA00F7}.Debug|Any CPU.ActiveCfg = Debug|Any CPU
		{22121F53-8E27-4CAE-B52C-24EB9ACA00F7}.Debug|Any CPU.Build.0 = Debug|Any CPU
		{22121F53-8E27-4CAE-B52C-24EB9ACA00F7}.Release|Any CPU.ActiveCfg = Release|Any CPU
		{22121F53-8E27-4CAE-B52C-24EB9ACA00F7}.Release|Any CPU.Build.0 = Release|Any CPU
		{561BF794-A430-4421-8982-838184762670}.Debug|Any CPU.ActiveCfg = Debug|Any CPU
		{561BF794-A430-4421-8982-838184762670}.Debug|Any CPU.Build.0 = Debug|Any CPU
		{561BF794-A430-4421-8982-838184762670}.Release|Any CPU.ActiveCfg = Release|Any CPU
		{561BF794-A430-4421-8982-838184762670}.Release|Any CPU.Build.0 = Release|Any CPU
		{019B06E4-2C44-4478-A8E9-FBDBF89973E8}.Debug|Any CPU.ActiveCfg = Debug|Any CPU
		{019B06E4-2C44-4478-A8E9-FBDBF89973E8}.Debug|Any CPU.Build.0 = Debug|Any CPU
		{019B06E4-2C44-4478-A8E9-FBDBF89973E8}.Release|Any CPU.ActiveCfg = Release|Any CPU
		{019B06E4-2C44-4478-A8E9-FBDBF89973E8}.Release|Any CPU.Build.0 = Release|Any CPU
		{22F204D2-8233-47D1-ACA9-47BE43E8EA9A}.Debug|Any CPU.ActiveCfg = Debug|Any CPU
		{22F204D2-8233-47D1-ACA9-47BE43E8EA9A}.Debug|Any CPU.Build.0 = Debug|Any CPU
		{22F204D2-8233-47D1-ACA9-47BE43E8EA9A}.Release|Any CPU.ActiveCfg = Release|Any CPU
		{22F204D2-8233-47D1-ACA9-47BE43E8EA9A}.Release|Any CPU.Build.0 = Release|Any CPU
		{62E9896C-3106-4E87-83E0-E02EBA09C6C5}.Debug|Any CPU.ActiveCfg = Debug|Any CPU
		{62E9896C-3106-4E87-83E0-E02EBA09C6C5}.Debug|Any CPU.Build.0 = Debug|Any CPU
		{62E9896C-3106-4E87-83E0-E02EBA09C6C5}.Release|Any CPU.ActiveCfg = Release|Any CPU
		{62E9896C-3106-4E87-83E0-E02EBA09C6C5}.Release|Any CPU.Build.0 = Release|Any CPU
		{2E20ADA6-47EB-4AEF-BD61-DF754764C7DB}.Debug|Any CPU.ActiveCfg = Debug|Any CPU
		{2E20ADA6-47EB-4AEF-BD61-DF754764C7DB}.Debug|Any CPU.Build.0 = Debug|Any CPU
		{2E20ADA6-47EB-4AEF-BD61-DF754764C7DB}.Release|Any CPU.ActiveCfg = Release|Any CPU
		{2E20ADA6-47EB-4AEF-BD61-DF754764C7DB}.Release|Any CPU.Build.0 = Release|Any CPU
		{D5099B87-2DF1-42FE-98D1-D66986F80659}.Debug|Any CPU.ActiveCfg = Debug|Any CPU
		{D5099B87-2DF1-42FE-98D1-D66986F80659}.Debug|Any CPU.Build.0 = Debug|Any CPU
		{D5099B87-2DF1-42FE-98D1-D66986F80659}.Release|Any CPU.ActiveCfg = Release|Any CPU
		{D5099B87-2DF1-42FE-98D1-D66986F80659}.Release|Any CPU.Build.0 = Release|Any CPU
		{4C2ED6CF-3A0F-4577-8EC9-8D7BF4CB536F}.Debug|Any CPU.ActiveCfg = Debug|Any CPU
		{4C2ED6CF-3A0F-4577-8EC9-8D7BF4CB536F}.Debug|Any CPU.Build.0 = Debug|Any CPU
		{4C2ED6CF-3A0F-4577-8EC9-8D7BF4CB536F}.Release|Any CPU.ActiveCfg = Release|Any CPU
		{4C2ED6CF-3A0F-4577-8EC9-8D7BF4CB536F}.Release|Any CPU.Build.0 = Release|Any CPU
		{E4C9B5C0-DED6-47CA-941B-015E4F78D221}.Debug|Any CPU.ActiveCfg = Debug|Any CPU
		{E4C9B5C0-DED6-47CA-941B-015E4F78D221}.Debug|Any CPU.Build.0 = Debug|Any CPU
		{E4C9B5C0-DED6-47CA-941B-015E4F78D221}.Release|Any CPU.ActiveCfg = Release|Any CPU
		{E4C9B5C0-DED6-47CA-941B-015E4F78D221}.Release|Any CPU.Build.0 = Release|Any CPU
	EndGlobalSection
	GlobalSection(SolutionProperties) = preSolution
		HideSolutionNode = FALSE
	EndGlobalSection
	GlobalSection(NestedProjects) = preSolution
		{BA0641DE-3E9C-404E-B09A-980B4307B1F6} = {5E6299A6-9470-41EE-8B3F-7EF998E45AD0}
		{DB7BFA85-A6AE-4BE3-8717-66127C0A616D} = {BA0641DE-3E9C-404E-B09A-980B4307B1F6}
		{22121F53-8E27-4CAE-B52C-24EB9ACA00F7} = {E4F9078C-AA17-413D-9807-422A245E6E1F}
		{FCC6BA2C-C26F-4212-B331-A92340E4F783} = {A30B1187-89E6-4E2B-B519-3C3DBF9A570C}
		{347900B1-F21E-4367-AD1F-F5117D53F0A2} = {FCC6BA2C-C26F-4212-B331-A92340E4F783}
		{CC3351B6-7D22-4067-AF7C-72D659F08031} = {FCC6BA2C-C26F-4212-B331-A92340E4F783}
		{561BF794-A430-4421-8982-838184762670} = {347900B1-F21E-4367-AD1F-F5117D53F0A2}
		{019B06E4-2C44-4478-A8E9-FBDBF89973E8} = {347900B1-F21E-4367-AD1F-F5117D53F0A2}
		{94D0EC95-E4C9-46A4-99DE-58D3D8DB0B8A} = {A30B1187-89E6-4E2B-B519-3C3DBF9A570C}
		{AF1A4912-2ADA-41B6-B33B-4644B0C08800} = {94D0EC95-E4C9-46A4-99DE-58D3D8DB0B8A}
		{8EF75E9D-C3E7-4FBA-92DA-0175993CFC9C} = {94D0EC95-E4C9-46A4-99DE-58D3D8DB0B8A}
		{22F204D2-8233-47D1-ACA9-47BE43E8EA9A} = {AF1A4912-2ADA-41B6-B33B-4644B0C08800}
		{62E9896C-3106-4E87-83E0-E02EBA09C6C5} = {AF1A4912-2ADA-41B6-B33B-4644B0C08800}
		{4642334C-B45B-4130-92EC-613836CF8087} = {A30B1187-89E6-4E2B-B519-3C3DBF9A570C}
		{4E6268F8-8C27-4C08-B862-21891441144A} = {4642334C-B45B-4130-92EC-613836CF8087}
		{7E7F6C0A-85BA-4BA9-83B0-49D1126FAA12} = {4642334C-B45B-4130-92EC-613836CF8087}
		{2E20ADA6-47EB-4AEF-BD61-DF754764C7DB} = {4E6268F8-8C27-4C08-B862-21891441144A}
		{D5099B87-2DF1-42FE-98D1-D66986F80659} = {4E6268F8-8C27-4C08-B862-21891441144A}
		{4E023CA0-514C-489C-B68B-3837E0291A5F} = {A30B1187-89E6-4E2B-B519-3C3DBF9A570C}
		{605B380E-60CC-4E71-9735-B9FEFC9CC18F} = {4E023CA0-514C-489C-B68B-3837E0291A5F}
		{5A373520-B237-4089-BCE8-BA5E6A070B34} = {4E023CA0-514C-489C-B68B-3837E0291A5F}
		{4C2ED6CF-3A0F-4577-8EC9-8D7BF4CB536F} = {605B380E-60CC-4E71-9735-B9FEFC9CC18F}
		{E4C9B5C0-DED6-47CA-941B-015E4F78D221} = {605B380E-60CC-4E71-9735-B9FEFC9CC18F}
	EndGlobalSection
	GlobalSection(ExtensibilityGlobals) = postSolution
		SolutionGuid = {45BB91AF-0429-44D9-B76A-3B132BB6C61E}
	EndGlobalSection
EndGlobal
